# THIS IS AN AUTOGENERATED FILE. DO NOT EDIT THIS FILE DIRECTLY.
# yarn lockfile v1


"@types/node@*":
  version "10.12.11"
  resolved "http://172.16.116.19:7001/@types/node/download/@types/node-10.12.11.tgz#715c476c99a5f6898a1ae61caf9825e43c03912e"

accepts@^1.2.2:
  version "1.3.5"
  resolved "http://172.16.116.19:7001/accepts/download/accepts-1.3.5.tgz#eb777df6011723a3b14e8a72c0805c8e86746bd2"
  dependencies:
    mime-types "~2.1.18"
    negotiator "0.6.1"

any-promise@^1.1.0:
  version "1.3.0"
  resolved "http://172.16.116.19:7001/any-promise/download/any-promise-1.3.0.tgz#abc6afeedcea52e809cdc0376aed3ce39635d17f"

axios@^0.18.0:
  version "0.18.0"
  resolved "http://172.16.116.19:7001/axios/download/axios-0.18.0.tgz#32d53e4851efdc0a11993b6cd000789d70c05102"
  dependencies:
    follow-redirects "^1.3.0"
    is-buffer "^1.1.5"

bignumber.js@4.1.0:
  version "4.1.0"
  resolved "http://172.16.116.19:7001/bignumber.js/download/bignumber.js-4.1.0.tgz#db6f14067c140bd46624815a7916c92d9b6c24b1"

boolbase@~1.0.0:
  version "1.0.0"
  resolved "http://172.16.116.19:7001/boolbase/download/boolbase-1.0.0.tgz#68dff5fbe60c51eb37725ea9e3ed310dcc1e776e"

bytes@3.0.0:
  version "3.0.0"
  resolved "http://172.16.116.19:7001/bytes/download/bytes-3.0.0.tgz#d32815404d689699f85a4ea4fa8755dd13a96048"

cheerio@^1.0.0-rc.2:
  version "1.0.0-rc.2"
  resolved "http://172.16.116.19:7001/cheerio/download/cheerio-1.0.0-rc.2.tgz#4b9f53a81b27e4d5dac31c0ffd0cfa03cc6830db"
  dependencies:
    css-select "~1.2.0"
    dom-serializer "~0.1.0"
    entities "~1.1.1"
    htmlparser2 "^3.9.1"
    lodash "^4.15.0"
    parse5 "^3.0.1"

co-body@^6.0.0:
  version "6.0.0"
  resolved "http://172.16.116.19:7001/co-body/download/co-body-6.0.0.tgz#965b9337d7f5655480787471f4237664820827e3"
  dependencies:
    inflation "^2.0.0"
    qs "^6.5.2"
    raw-body "^2.3.3"
    type-is "^1.6.16"

co-mysql@^0.4.1:
  version "0.4.1"
  resolved "http://172.16.116.19:7001/co-mysql/download/co-mysql-0.4.1.tgz#7273ebff27681c03c38af980bc7e28f78a7b1939"
  dependencies:
    mysql "*"

co@^3.1.0:
  version "3.1.0"
  resolved "http://172.16.116.19:7001/co/download/co-3.1.0.tgz#4ea54ea5a08938153185e15210c68d9092bc1b78"

co@^4.6.0:
  version "4.6.0"
  resolved "http://172.16.116.19:7001/co/download/co-4.6.0.tgz#6ea6bdf3d853ae54ccb8e47bfa0bf3f9031fb184"

content-disposition@~0.5.0:
  version "0.5.2"
  resolved "http://172.16.116.19:7001/content-disposition/download/content-disposition-0.5.2.tgz#0cf68bb9ddf5f2be7961c3a85178cb85dba78cb4"

content-type@^1.0.0:
  version "1.0.4"
  resolved "http://172.16.116.19:7001/content-type/download/content-type-1.0.4.tgz#e138cc75e040c727b1966fe5e5f8c9aee256fe3b"

cookies@~0.6.1:
  version "0.6.2"
  resolved "http://172.16.116.19:7001/cookies/download/cookies-0.6.2.tgz#6ac1b052895208e8fc4c4f5f86a9ed31b9cb5ccf"
  dependencies:
    depd "~1.1.0"
    keygrip "~1.0.1"

copy-to@^2.0.1:
  version "2.0.1"
  resolved "http://172.16.116.19:7001/copy-to/download/copy-to-2.0.1.tgz#2680fbb8068a48d08656b6098092bdafc906f4a5"

core-util-is@~1.0.0:
  version "1.0.2"
  resolved "http://172.16.116.19:7001/core-util-is/download/core-util-is-1.0.2.tgz#b5fd54220aa2bc5ab57aab7140c940754503c1a7"

css-select@~1.2.0:
  version "1.2.0"
  resolved "http://172.16.116.19:7001/css-select/download/css-select-1.2.0.tgz#2b3a110539c5355f1cd8d314623e870b121ec858"
  dependencies:
    boolbase "~1.0.0"
    css-what "2.1"
    domutils "1.5.1"
    nth-check "~1.0.1"

css-what@2.1:
  version "2.1.2"
  resolved "http://172.16.116.19:7001/css-what/download/css-what-2.1.2.tgz#c0876d9d0480927d7d4920dcd72af3595649554d"

debug@*, debug@=3.1.0, debug@^3.1.0:
  version "3.1.0"
  resolved "http://172.16.116.19:7001/debug/download/debug-3.1.0.tgz#5bb5a0672628b64149566ba16819e61518c67261"
  dependencies:
    ms "2.0.0"

deep-equal@^1.0.1, deep-equal@~1.0.1:
  version "1.0.1"
  resolved "http://172.16.116.19:7001/deep-equal/download/deep-equal-1.0.1.tgz#f5d260292b660e084eff4cdbc9f08ad3247448b5"

delegates@^1.0.0:
  version "1.0.0"
  resolved "http://172.16.116.19:7001/delegates/download/delegates-1.0.0.tgz#84c6e159b81904fdca59a0ef44cd870d31250f9a"

depd@^1.1.0, depd@~1.1.0, depd@~1.1.2:
  version "1.1.2"
  resolved "http://172.16.116.19:7001/depd/download/depd-1.1.2.tgz#9bcd52e14c097763e749b274c4346ed2e560b5a9"

destroy@^1.0.3:
  version "1.0.4"
  resolved "http://172.16.116.19:7001/destroy/download/destroy-1.0.4.tgz#978857442c44749e4206613e37946205826abd80"

dom-serializer@0, dom-serializer@~0.1.0:
  version "0.1.0"
  resolved "http://172.16.116.19:7001/dom-serializer/download/dom-serializer-0.1.0.tgz#073c697546ce0780ce23be4a28e293e40bc30c82"
  dependencies:
    domelementtype "~1.1.1"
    entities "~1.1.1"

domelementtype@1, domelementtype@^1.3.0:
  version "1.3.0"
  resolved "http://172.16.116.19:7001/domelementtype/download/domelementtype-1.3.0.tgz#b17aed82e8ab59e52dd9c19b1756e0fc187204c2"

domelementtype@~1.1.1:
  version "1.1.3"
  resolved "http://172.16.116.19:7001/domelementtype/download/domelementtype-1.1.3.tgz#bd28773e2642881aec51544924299c5cd822185b"

domhandler@^2.3.0:
  version "2.4.2"
  resolved "http://172.16.116.19:7001/domhandler/download/domhandler-2.4.2.tgz#8805097e933d65e85546f726d60f5eb88b44f803"
  dependencies:
    domelementtype "1"

domutils@1.5.1, domutils@^1.5.1:
  version "1.5.1"
  resolved "http://172.16.116.19:7001/domutils/download/domutils-1.5.1.tgz#dcd8488a26f563d61079e48c9f7b7e32373682cf"
  dependencies:
    dom-serializer "0"
    domelementtype "1"

ee-first@1.1.1:
  version "1.1.1"
  resolved "http://172.16.116.19:7001/ee-first/download/ee-first-1.1.1.tgz#590c61156b0ae2f4f0255732a158b266bc56b21d"

entities@^1.1.1, entities@~1.1.1:
  version "1.1.2"
  resolved "http://172.16.116.19:7001/entities/download/entities-1.1.2.tgz#bdfa735299664dfafd34529ed4f8522a275fea56"

error-inject@~1.0.0:
  version "1.0.0"
  resolved "http://172.16.116.19:7001/error-inject/download/error-inject-1.0.0.tgz#e2b3d91b54aed672f309d950d154850fa11d4f37"

escape-html@~1.0.1:
  version "1.0.3"
  resolved "http://172.16.116.19:7001/escape-html/download/escape-html-1.0.3.tgz#0258eae4d3d0c0974de1c169188ef0051d1d1988"

follow-redirects@^1.3.0:
  version "1.5.10"
  resolved "http://172.16.116.19:7001/follow-redirects/download/follow-redirects-1.5.10.tgz#7b7a9f9aea2fdff36786a94ff643ed07f4ff5e2a"
  dependencies:
    debug "=3.1.0"

fresh@^0.3.0:
  version "0.3.0"
  resolved "http://172.16.116.19:7001/fresh/download/fresh-0.3.0.tgz#651f838e22424e7566de161d8358caa199f83d4f"

htmlparser2@^3.9.1:
  version "3.10.0"
  resolved "http://172.16.116.19:7001/htmlparser2/download/htmlparser2-3.10.0.tgz#5f5e422dcf6119c0d983ed36260ce9ded0bee464"
  dependencies:
    domelementtype "^1.3.0"
    domhandler "^2.3.0"
    domutils "^1.5.1"
    entities "^1.1.1"
    inherits "^2.0.1"
    readable-stream "^3.0.6"

http-assert@^1.1.0:
  version "1.4.0"
  resolved "http://172.16.116.19:7001/http-assert/download/http-assert-1.4.0.tgz#0e550b4fca6adf121bbeed83248c17e62f593a9a"
  dependencies:
    deep-equal "~1.0.1"
    http-errors "~1.7.1"

http-errors@1.6.3:
  version "1.6.3"
  resolved "http://172.16.116.19:7001/http-errors/download/http-errors-1.6.3.tgz#8b55680bb4be283a0b5bf4ea2e38580be1d9320d"
  dependencies:
    depd "~1.1.2"
    inherits "2.0.3"
    setprototypeof "1.1.0"
    statuses ">= 1.4.0 < 2"

http-errors@^1.2.8, http-errors@^1.3.1, http-errors@~1.7.1:
  version "1.7.1"
  resolved "http://172.16.116.19:7001/http-errors/download/http-errors-1.7.1.tgz#6a4ffe5d35188e1c39f872534690585852e1f027"
  dependencies:
    depd "~1.1.2"
    inherits "2.0.3"
    setprototypeof "1.1.0"
    statuses ">= 1.5.0 < 2"
    toidentifier "1.0.0"

iconv-lite@0.4.23:
  version "0.4.23"
  resolved "http://172.16.116.19:7001/iconv-lite/download/iconv-lite-0.4.23.tgz#297871f63be507adcfbfca715d0cd0eed84e9a63"
  dependencies:
    safer-buffer ">= 2.1.2 < 3"

iconv-lite@^0.4.24:
  version "0.4.24"
  resolved "http://172.16.116.19:7001/iconv-lite/download/iconv-lite-0.4.24.tgz#2022b4b25fbddc21d2f524974a474aafe733908b"
  dependencies:
    safer-buffer ">= 2.1.2 < 3"

inflation@^2.0.0:
  version "2.0.0"
  resolved "http://172.16.116.19:7001/inflation/download/inflation-2.0.0.tgz#8b417e47c28f925a45133d914ca1fd389107f30f"

inherits@2.0.3, inherits@^2.0.1, inherits@^2.0.3, inherits@~2.0.3:
  version "2.0.3"
  resolved "http://172.16.116.19:7001/inherits/download/inherits-2.0.3.tgz#633c2c83e3da42a502f52466022480f4208261de"

is-buffer@^1.1.5:
  version "1.1.6"
  resolved "http://172.16.116.19:7001/is-buffer/download/is-buffer-1.1.6.tgz#efaa2ea9daa0d7ab2ea13a97b2b8ad51fefbe8be"

is-generator-function@^1.0.3:
  version "1.0.7"
  resolved "http://172.16.116.19:7001/is-generator-function/download/is-generator-function-1.0.7.tgz#d2132e529bb0000a7f80794d4bdf5cd5e5813522"

isarray@0.0.1:
  version "0.0.1"
  resolved "http://172.16.116.19:7001/isarray/download/isarray-0.0.1.tgz#8a18acfca9a8f4177e09abfc6038939b05d1eedf"

isarray@~1.0.0:
  version "1.0.0"
  resolved "http://172.16.116.19:7001/isarray/download/isarray-1.0.0.tgz#bb935d48582cba168c06834957a54a3e07124f11"

keygrip@~1.0.1:
  version "1.0.3"
  resolved "http://172.16.116.19:7001/keygrip/download/keygrip-1.0.3.tgz#399d709f0aed2bab0a059e0cdd3a5023a053e1dc"

koa-bodyparser@^4.2.1:
  version "4.2.1"
  resolved "http://172.16.116.19:7001/koa-bodyparser/download/koa-bodyparser-4.2.1.tgz#4d7dacb5e6db1106649b595d9e5ccb158b6f3b29"
  dependencies:
    co-body "^6.0.0"
    copy-to "^2.0.1"

koa-compose@^3.0.0:
  version "3.2.1"
  resolved "http://172.16.116.19:7001/koa-compose/download/koa-compose-3.2.1.tgz#a85ccb40b7d986d8e5a345b3a1ace8eabcf54de7"
  dependencies:
    any-promise "^1.1.0"

koa-convert@^1.2.0:
  version "1.2.0"
  resolved "http://172.16.116.19:7001/koa-convert/download/koa-convert-1.2.0.tgz#da40875df49de0539098d1700b50820cebcd21d0"
  dependencies:
    co "^4.6.0"
    koa-compose "^3.0.0"

koa-is-json@^1.0.0:
  version "1.0.0"
  resolved "http://172.16.116.19:7001/koa-is-json/download/koa-is-json-1.0.0.tgz#273c07edcdcb8df6a2c1ab7d59ee76491451ec14"

koa-mysql-session@^0.0.2:
  version "0.0.2"
  resolved "http://172.16.116.19:7001/koa-mysql-session/download/koa-mysql-session-0.0.2.tgz#b7f32f4dd2c37a5f7992261797c59373704edc89"
  dependencies:
    co "^3.1.0"
    co-mysql "^0.4.1"

koa-router@^7.4.0:
  version "7.4.0"
  resolved "http://172.16.116.19:7001/koa-router/download/koa-router-7.4.0.tgz#aee1f7adc02d5cb31d7d67465c9eacc825e8c5e0"
  dependencies:
    debug "^3.1.0"
    http-errors "^1.3.1"
    koa-compose "^3.0.0"
    methods "^1.0.1"
    path-to-regexp "^1.1.1"
    urijs "^1.19.0"

koa-session-minimal@^3.0.4:
  version "3.0.4"
  resolved "http://172.16.116.19:7001/koa-session-minimal/download/koa-session-minimal-3.0.4.tgz#d6a15beeed77d5d3e26a421dbb98a61f63a8afcd"
  dependencies:
    co "^4.6.0"
    deep-equal "^1.0.1"
    uid-safe "^2.1.2"

koa@next:
  version "2.0.0-alpha.8"
  resolved "http://172.16.116.19:7001/koa/download/koa-2.0.0-alpha.8.tgz#c22713560ce2ee4e47ebeb52f406f7650e7b079a"
  dependencies:
    accepts "^1.2.2"
    content-disposition "~0.5.0"
    content-type "^1.0.0"
    cookies "~0.6.1"
    debug "*"
    delegates "^1.0.0"
    depd "^1.1.0"
    destroy "^1.0.3"
    error-inject "~1.0.0"
    escape-html "~1.0.1"
    fresh "^0.3.0"
    http-assert "^1.1.0"
    http-errors "^1.2.8"
    is-generator-function "^1.0.3"
    koa-compose "^3.0.0"
    koa-convert "^1.2.0"
    koa-is-json "^1.0.0"
    mime-types "^2.0.7"
    on-finished "^2.1.0"
    only "0.0.2"
    parseurl "^1.3.0"
    statuses "^1.2.0"
    type-is "^1.5.5"
    vary "^1.0.0"

lodash@^4.15.0:
  version "4.17.11"
  resolved "http://172.16.116.19:7001/lodash/download/lodash-4.17.11.tgz#b39ea6229ef607ecd89e2c8df12536891cac9b8d"

media-typer@0.3.0:
  version "0.3.0"
  resolved "http://172.16.116.19:7001/media-typer/download/media-typer-0.3.0.tgz#8710d7af0aa626f8fffa1ce00168545263255748"

methods@^1.0.1:
  version "1.1.2"
  resolved "http://172.16.116.19:7001/methods/download/methods-1.1.2.tgz#5529a4d67654134edcc5266656835b0f851afcee"

mime-db@~1.37.0:
  version "1.37.0"
  resolved "http://172.16.116.19:7001/mime-db/download/mime-db-1.37.0.tgz#0b6a0ce6fdbe9576e25f1f2d2fde8830dc0ad0d8"

mime-types@^2.0.7, mime-types@~2.1.18:
  version "2.1.21"
  resolved "http://172.16.116.19:7001/mime-types/download/mime-types-2.1.21.tgz#28995aa1ecb770742fe6ae7e58f9181c744b3f96"
  dependencies:
    mime-db "~1.37.0"

ms@2.0.0:
  version "2.0.0"
  resolved "http://172.16.116.19:7001/ms/download/ms-2.0.0.tgz#5608aeadfc00be6c2901df5f9861788de0d597c8"

mysql@*:
  version "2.16.0"
  resolved "http://172.16.116.19:7001/mysql/download/mysql-2.16.0.tgz#b23b22ab5de44fc2d5d32bd4f5af6653fc45e2ba"
  dependencies:
    bignumber.js "4.1.0"
    readable-stream "2.3.6"
    safe-buffer "5.1.2"
    sqlstring "2.3.1"

negotiator@0.6.1:
  version "0.6.1"
  resolved "http://172.16.116.19:7001/negotiator/download/negotiator-0.6.1.tgz#2b327184e8992101177b28563fb5e7102acd0ca9"

nth-check@~1.0.1:
  version "1.0.2"
  resolved "http://172.16.116.19:7001/nth-check/download/nth-check-1.0.2.tgz#b2bd295c37e3dd58a3bf0700376663ba4d9cf05c"
  dependencies:
    boolbase "~1.0.0"

on-finished@^2.1.0:
  version "2.3.0"
  resolved "http://172.16.116.19:7001/on-finished/download/on-finished-2.3.0.tgz#20f1336481b083cd75337992a16971aa2d906947"
  dependencies:
    ee-first "1.1.1"

only@0.0.2:
  version "0.0.2"
  resolved "http://172.16.116.19:7001/only/download/only-0.0.2.tgz#2afde84d03e50b9a8edc444e30610a70295edfb4"

parse5@^3.0.1:
  version "3.0.3"
  resolved "http://172.16.116.19:7001/parse5/download/parse5-3.0.3.tgz#042f792ffdd36851551cf4e9e066b3874ab45b5c"
  dependencies:
    "@types/node" "*"

parseurl@^1.3.0:
  version "1.3.2"
  resolved "http://172.16.116.19:7001/parseurl/download/parseurl-1.3.2.tgz#fc289d4ed8993119460c156253262cdc8de65bf3"

path-to-regexp@^1.1.1:
  version "1.7.0"
  resolved "http://172.16.116.19:7001/path-to-regexp/download/path-to-regexp-1.7.0.tgz#59fde0f435badacba103a84e9d3bc64e96b9937d"
  dependencies:
    isarray "0.0.1"

process-nextick-args@~2.0.0:
  version "2.0.0"
  resolved "http://172.16.116.19:7001/process-nextick-args/download/process-nextick-args-2.0.0.tgz#a37d732f4271b4ab1ad070d35508e8290788ffaa"

qs@^6.5.2:
  version "6.6.0"
  resolved "http://172.16.116.19:7001/qs/download/qs-6.6.0.tgz#a99c0f69a8d26bf7ef012f871cdabb0aee4424c2"

random-bytes@~1.0.0:
  version "1.0.0"
  resolved "http://172.16.116.19:7001/random-bytes/download/random-bytes-1.0.0.tgz#4f68a1dc0ae58bd3fb95848c30324db75d64360b"

raw-body@^2.3.3:
  version "2.3.3"
  resolved "http://172.16.116.19:7001/raw-body/download/raw-body-2.3.3.tgz#1b324ece6b5706e153855bc1148c65bb7f6ea0c3"
  dependencies:
    bytes "3.0.0"
    http-errors "1.6.3"
    iconv-lite "0.4.23"
    unpipe "1.0.0"

readable-stream@2.3.6:
  version "2.3.6"
  resolved "http://172.16.116.19:7001/readable-stream/download/readable-stream-2.3.6.tgz#b11c27d88b8ff1fbe070643cf94b0c79ae1b0aaf"
  dependencies:
    core-util-is "~1.0.0"
    inherits "~2.0.3"
    isarray "~1.0.0"
    process-nextick-args "~2.0.0"
    safe-buffer "~5.1.1"
    string_decoder "~1.1.1"
    util-deprecate "~1.0.1"

readable-stream@^3.0.6:
  version "3.0.6"
  resolved "http://172.16.116.19:7001/readable-stream/download/readable-stream-3.0.6.tgz#351302e4c68b5abd6a2ed55376a7f9a25be3057a"
  dependencies:
    inherits "^2.0.3"
    string_decoder "^1.1.1"
    util-deprecate "^1.0.1"

safe-buffer@5.1.2, safe-buffer@~5.1.0, safe-buffer@~5.1.1:
  version "5.1.2"
  resolved "http://172.16.116.19:7001/safe-buffer/download/safe-buffer-5.1.2.tgz#991ec69d296e0313747d59bdfd2b745c35f8828d"

"safer-buffer@>= 2.1.2 < 3":
  version "2.1.2"
  resolved "http://172.16.116.19:7001/safer-buffer/download/safer-buffer-2.1.2.tgz#44fa161b0187b9549dd84bb91802f9bd8385cd6a"

setprototypeof@1.1.0:
  version "1.1.0"
  resolved "http://172.16.116.19:7001/setprototypeof/download/setprototypeof-1.1.0.tgz#d0bd85536887b6fe7c0d818cb962d9d91c54e656"

sqlstring@2.3.1:
  version "2.3.1"
  resolved "http://172.16.116.19:7001/sqlstring/download/sqlstring-2.3.1.tgz#475393ff9e91479aea62dcaf0ca3d14983a7fb40"

"statuses@>= 1.4.0 < 2", "statuses@>= 1.5.0 < 2", statuses@^1.2.0:
  version "1.5.0"
  resolved "http://172.16.116.19:7001/statuses/download/statuses-1.5.0.tgz#161c7dac177659fd9811f43771fa99381478628c"

string_decoder@^1.1.1, string_decoder@~1.1.1:
  version "1.1.1"
  resolved "http://172.16.116.19:7001/string_decoder/download/string_decoder-1.1.1.tgz#9cf1611ba62685d7030ae9e4ba34149c3af03fc8"
  dependencies:
    safe-buffer "~5.1.0"

toidentifier@1.0.0:
  version "1.0.0"
  resolved "http://172.16.116.19:7001/toidentifier/download/toidentifier-1.0.0.tgz#7e1be3470f1e77948bc43d94a3c8f4d7752ba553"

type-is@^1.5.5, type-is@^1.6.16:
  version "1.6.16"
  resolved "http://172.16.116.19:7001/type-is/download/type-is-1.6.16.tgz#f89ce341541c672b25ee7ae3c73dee3b2be50194"
  dependencies:
    media-typer "0.3.0"
    mime-types "~2.1.18"

uid-safe@^2.1.2:
  version "2.1.5"
  resolved "http://172.16.116.19:7001/uid-safe/download/uid-safe-2.1.5.tgz#2b3d5c7240e8fc2e58f8aa269e5ee49c0857bd3a"
  dependencies:
    random-bytes "~1.0.0"

unpipe@1.0.0:
  version "1.0.0"
  resolved "http://172.16.116.19:7001/unpipe/download/unpipe-1.0.0.tgz#b2bf4ee8514aae6165b4817829d21b2ef49904ec"

urijs@^1.19.0:
  version "1.19.1"
  resolved "http://172.16.116.19:7001/urijs/download/urijs-1.19.1.tgz#5b0ff530c0cbde8386f6342235ba5ca6e995d25a"

util-deprecate@^1.0.1, util-deprecate@~1.0.1:
  version "1.0.2"
  resolved "http://172.16.116.19:7001/util-deprecate/download/util-deprecate-1.0.2.tgz#450d4dc9fa70de732762fbd2d4a28981419a0ccf"

vary@^1.0.0:
  version "1.1.2"
  resolved "http://172.16.116.19:7001/vary/download/vary-1.1.2.tgz#2299f02c6ded30d4a5961b0b9f74524a18f634fc"
